
Microsoft Visual Studio Solution File, Format Version 12.00
# Visual Studio 15
VisualStudioVersion = 15.0.27130.2024
MinimumVisualStudioVersion = 10.0.40219.1
Project("{FAE04EC0-301F-11D3-BF4B-00C04F79EFBC}") = "gov.ncats.ginas.excel.tools", "gov.ncats.ginas.excel.CSharpTest2\gov.ncats.ginas.excel.tools.csproj", "{9F608C0A-5B24-4AEF-89E2-36E26DC73752}"
EndProject
Project("{FAE04EC0-301F-11D3-BF4B-00C04F79EFBC}") = "ginasExcelUnitTests", "ginasExcelUnitTests\ginasExcelUnitTests.csproj", "{0A887B89-B815-40F0-B543-B8EC524698FB}"
EndProject
Global
	GlobalSection(SolutionConfigurationPlatforms) = preSolution
		Debug|Any CPU = Debug|Any CPU
		Release|Any CPU = Release|Any CPU
	EndGlobalSection
	GlobalSection(ProjectConfigurationPlatforms) = postSolution
		{9F608C0A-5B24-4AEF-89E2-36E26DC73752}.Debug|Any CPU.ActiveCfg = Debug|Any CPU
		{9F608C0A-5B24-4AEF-89E2-36E26DC73752}.Debug|Any CPU.Build.0 = Debug|Any CPU
		{9F608C0A-5B24-4AEF-89E2-36E26DC73752}.Release|Any CPU.ActiveCfg = Release|Any CPU
		{9F608C0A-5B24-4AEF-89E2-36E26DC73752}.Release|Any CPU.Build.0 = Release|Any CPU
		{0A887B89-B815-40F0-B543-B8EC524698FB}.Debug|Any CPU.ActiveCfg = Debug|Any CPU
		{0A887B89-B815-40F0-B543-B8EC524698FB}.Debug|Any CPU.Build.0 = Debug|Any CPU
		{0A887B89-B815-40F0-B543-B8EC524698FB}.Release|Any CPU.ActiveCfg = Release|Any CPU
		{0A887B89-B815-40F0-B543-B8EC524698FB}.Release|Any CPU.Build.0 = Release|Any CPU
	EndGlobalSection
	GlobalSection(SolutionProperties) = preSolution
		HideSolutionNode = FALSE
	EndGlobalSection
	GlobalSection(ExtensibilityGlobals) = postSolution
		SolutionGuid = {E19FDA85-B269-4F19-86EB-C0F50CBF8239}
	EndGlobalSection
EndGlobal
